
Microsoft Visual Studio Solution File, Format Version 12.00
# Visual Studio Version 17
VisualStudioVersion = 17.10.35027.167
MinimumVisualStudioVersion = 10.0.40219.1
Project("{9A19103F-16F7-4668-BE54-9A1E7A4F7556}") = "EmployeeCRUD", "EmployeeCRUD\EmployeeCRUD.csproj", "{778ADC5E-A0DA-4477-A267-4217EA4762BC}"
EndProject
Project("{FAE04EC0-301F-11D3-BF4B-00C04F79EFBC}") = "ReportApp", "ReportApp\ReportApp.csproj", "{7ECC5620-EFFA-4BC6-B7EB-580367922E3B}"
EndProject
Global
	GlobalSection(SolutionConfigurationPlatforms) = preSolution
		Debug|Any CPU = Debug|Any CPU
		DebugLocal|Any CPU = DebugLocal|Any CPU
		Release|Any CPU = Release|Any CPU
	EndGlobalSection
	GlobalSection(ProjectConfigurationPlatforms) = postSolution
		{778ADC5E-A0DA-4477-A267-4217EA4762BC}.Debug|Any CPU.ActiveCfg = Debug|Any CPU
		{778ADC5E-A0DA-4477-A267-4217EA4762BC}.Debug|Any CPU.Build.0 = Debug|Any CPU
		{778ADC5E-A0DA-4477-A267-4217EA4762BC}.DebugLocal|Any CPU.ActiveCfg = Debug|Any CPU
		{778ADC5E-A0DA-4477-A267-4217EA4762BC}.DebugLocal|Any CPU.Build.0 = Debug|Any CPU
		{778ADC5E-A0DA-4477-A267-4217EA4762BC}.Release|Any CPU.ActiveCfg = Release|Any CPU
		{778ADC5E-A0DA-4477-A267-4217EA4762BC}.Release|Any CPU.Build.0 = Release|Any CPU
		{7ECC5620-EFFA-4BC6-B7EB-580367922E3B}.Debug|Any CPU.ActiveCfg = Debug|Any CPU
		{7ECC5620-EFFA-4BC6-B7EB-580367922E3B}.Debug|Any CPU.Build.0 = Debug|Any CPU
		{7ECC5620-EFFA-4BC6-B7EB-580367922E3B}.DebugLocal|Any CPU.ActiveCfg = Debug|Any CPU
		{7ECC5620-EFFA-4BC6-B7EB-580367922E3B}.DebugLocal|Any CPU.Build.0 = Debug|Any CPU
		{7ECC5620-EFFA-4BC6-B7EB-580367922E3B}.Release|Any CPU.ActiveCfg = Release|Any CPU
		{7ECC5620-EFFA-4BC6-B7EB-580367922E3B}.Release|Any CPU.Build.0 = Release|Any CPU
	EndGlobalSection
	GlobalSection(SolutionProperties) = preSolution
		HideSolutionNode = FALSE
	EndGlobalSection
	GlobalSection(ExtensibilityGlobals) = postSolution
		SolutionGuid = {5E96950D-1020-45EA-A2EC-E41D28C7B287}
	EndGlobalSection
EndGlobal
